
Microsoft Visual Studio Solution File, Format Version 12.00
# Visual Studio 2012
Project("{FAE04EC0-301F-11D3-BF4B-00C04F79EFBC}") = "Revn", "Revn\Revn.csproj", "{C0F76774-4BE6-4076-82CE-910AE2F64BB7}"
EndProject
Project("{FAE04EC0-301F-11D3-BF4B-00C04F79EFBC}") = "RevnCompiler", "RevnCompiler\RevnCompiler.csproj", "{74EABFBD-474F-4AEA-A997-9247C221DC92}"
EndProject
Global
	GlobalSection(SolutionConfigurationPlatforms) = preSolution
		Debug|Any CPU = Debug|Any CPU
		Release|Any CPU = Release|Any CPU
	EndGlobalSection
	GlobalSection(ProjectConfigurationPlatforms) = postSolution
		{C0F76774-4BE6-4076-82CE-910AE2F64BB7}.Debug|Any CPU.ActiveCfg = Debug|Any CPU
		{C0F76774-4BE6-4076-82CE-910AE2F64BB7}.Debug|Any CPU.Build.0 = Debug|Any CPU
		{C0F76774-4BE6-4076-82CE-910AE2F64BB7}.Release|Any CPU.ActiveCfg = Release|Any CPU
		{C0F76774-4BE6-4076-82CE-910AE2F64BB7}.Release|Any CPU.Build.0 = Release|Any CPU
		{74EABFBD-474F-4AEA-A997-9247C221DC92}.Debug|Any CPU.ActiveCfg = Debug|Any CPU
		{74EABFBD-474F-4AEA-A997-9247C221DC92}.Debug|Any CPU.Build.0 = Debug|Any CPU
		{74EABFBD-474F-4AEA-A997-9247C221DC92}.Release|Any CPU.ActiveCfg = Release|Any CPU
		{74EABFBD-474F-4AEA-A997-9247C221DC92}.Release|Any CPU.Build.0 = Release|Any CPU
	EndGlobalSection
EndGlobal
